<?xml version="1.0" encoding="utf-8"?>
<Project ToolsVersion="4.0" xmlns="http://schemas.microsoft.com/developer/msbuild/2003">
  <ItemGroup>
    <Filter Include="Source Files">
      <UniqueIdentifier>{4FC737F1-C7A5-4376-A066-2A32D752A2FF}</UniqueIdentifier>
      <Extensions>cpp;c;cc;cxx;def;odl;idl;hpj;bat;asm;asmx</Extensions>
    </Filter>
    <Filter Include="Header Files">
      <UniqueIdentifier>{93995380-89BD-4b04-88EB-625FBE52EBFB}</UniqueIdentifier>
      <Extensions>h;hpp;hxx;hm;inl;inc;xsd</Extensions>
    </Filter>
    <Filter Include="Resource Files">
      <UniqueIdentifier>{67DA6AB6-F800-4c08-8B7A-83BB121AAD01}</UniqueIdentifier>
      <Extensions>rc;ico;cur;bmp;dlg;rc2;rct;bin;rgs;gif;jpg;jpeg;jpe;resx;tiff;tif;png;wav;mfcribbon-ms</Extensions>
    </Filter>
  </ItemGroup>
  <ItemGroup>
    <ResourceCompile Include="resource.rc">
      <Filter>Resource Files</Filter>
    </ResourceCompile>
  </ItemGroup>
  <ItemGroup>
    <ClInclude Include="resource.h">
      <Filter>Header Files</Filter>
    </ClInclude>
    <ClInclude Include="stdafx.h">
      <Filter>Header Files</Filter>
    </ClInclude>
    <ClInclude Include="tga.h">
      <Filter>Header Files</Filter>
    </ClInclude>
    <ClInclude Include="cdatehmscode.h">
      <Filter>Header Files</Filter>
    </ClInclude>
    <ClInclude Include="cdateymdcode.h">
      <Filter>Header Files</Filter>
    </ClInclude>
    <ClInclude Include="cdialog_main.h">
      <Filter>Header Files</Filter>
    </ClInclude>
    <ClInclude Include="cdvaudio.h">
      <Filter>Header Files</Filter>
    </ClInclude>
    <ClInclude Include="cdvcontrol.h">
      <Filter>Header Files</Filter>
    </ClInclude>
    <ClInclude Include="cdvdifid.h">
      <Filter>Header Files</Filter>
    </ClInclude>
    <ClInclude Include="cdvheader.h">
      <Filter>Header Files</Filter>
    </ClInclude>
    <ClInclude Include="cdvsubcode.h">
      <Filter>Header Files</Filter>
    </ClInclude>
    <ClInclude Include="cdvtime.h">
      <Filter>Header Files</Filter>
    </ClInclude>
    <ClInclude Include="cdvvaux.h">
      <Filter>Header Files</Filter>
    </ClInclude>
    <ClInclude Include="cdvvideo.h">
      <Filter>Header Files</Filter>
    </ClInclude>
    <ClInclude Include="cextractdatastreamfilewindows.h">
      <Filter>Header Files</Filter>
    </ClInclude>
    <ClInclude Include="cgraphics.h">
      <Filter>Header Files</Filter>
    </ClInclude>
    <ClInclude Include="cmain.h">
      <Filter>Header Files</Filter>
    </ClInclude>
    <ClInclude Include="coutputdvstreamfile.h">
      <Filter>Header Files</Filter>
    </ClInclude>
    <ClInclude Include="craiiccriticalsection.h">
      <Filter>Header Files</Filter>
    </ClInclude>
    <ClInclude Include="craiifilein.h">
      <Filter>Header Files</Filter>
    </ClInclude>
    <ClInclude Include="craiifileout.h">
      <Filter>Header Files</Filter>
    </ClInclude>
    <ClInclude Include="cthreadmain.h">
      <Filter>Header Files</Filter>
    </ClInclude>
    <ClInclude Include="ctimecode.h">
      <Filter>Header Files</Filter>
    </ClInclude>
    <ClInclude Include="iextractdatastream.h">
      <Filter>Header Files</Filter>
    </ClInclude>
    <ClInclude Include="ioutputdvstream.h">
      <Filter>Header Files</Filter>
    </ClInclude>
  </ItemGroup>
  <ItemGroup>
    <ClCompile Include="tga.cpp">
      <Filter>Source Files</Filter>
    </ClCompile>
    <ClCompile Include="cdatehmscode.cpp">
      <Filter>Source Files</Filter>
    </ClCompile>
    <ClCompile Include="cdateymdcode.cpp">
      <Filter>Source Files</Filter>
    </ClCompile>
    <ClCompile Include="cdialog_main.cpp">
      <Filter>Source Files</Filter>
    </ClCompile>
    <ClCompile Include="cdvaudio.cpp">
      <Filter>Source Files</Filter>
    </ClCompile>
    <ClCompile Include="cdvcontrol.cpp">
      <Filter>Source Files</Filter>
    </ClCompile>
    <ClCompile Include="cdvdifid.cpp">
      <Filter>Source Files</Filter>
    </ClCompile>
    <ClCompile Include="cdvheader.cpp">
      <Filter>Source Files</Filter>
    </ClCompile>
    <ClCompile Include="cdvsubcode.cpp">
      <Filter>Source Files</Filter>
    </ClCompile>
    <ClCompile Include="cdvtime.cpp">
      <Filter>Source Files</Filter>
    </ClCompile>
    <ClCompile Include="cdvvaux.cpp">
      <Filter>Source Files</Filter>
    </ClCompile>
    <ClCompile Include="cdvvideo.cpp">
      <Filter>Source Files</Filter>
    </ClCompile>
    <ClCompile Include="cextractdatastreamfilewindows.cpp">
      <Filter>Source Files</Filter>
    </ClCompile>
    <ClCompile Include="cgraphics.cpp">
      <Filter>Source Files</Filter>
    </ClCompile>
    <ClCompile Include="cmain.cpp">
      <Filter>Source Files</Filter>
    </ClCompile>
    <ClCompile Include="coutputdvstreamfile.cpp">
      <Filter>Source Files</Filter>
    </ClCompile>
    <ClCompile Include="craiifilein.cpp">
      <Filter>Source Files</Filter>
    </ClCompile>
    <ClCompile Include="craiifileout.cpp">
      <Filter>Source Files</Filter>
    </ClCompile>
    <ClCompile Include="cthreadmain.cpp">
      <Filter>Source Files</Filter>
    </ClCompile>
    <ClCompile Include="ctimecode.cpp">
      <Filter>Source Files</Filter>
    </ClCompile>
    <ClCompile Include="iextractdatastream.cpp">
      <Filter>Source Files</Filter>
    </ClCompile>
    <ClCompile Include="ioutputdvstream.cpp">
      <Filter>Source Files</Filter>
    </ClCompile>
    <ClCompile Include="main.cpp">
      <Filter>Source Files</Filter>
    </ClCompile>
  </ItemGroup>
</Project>